
Microsoft Visual Studio Solution File, Format Version 12.00
# Visual Studio 2013
VisualStudioVersion = 12.0.21005.1
MinimumVisualStudioVersion = 10.0.40219.1
Project("{FAE04EC0-301F-11D3-BF4B-00C04F79EFBC}") = "WebService", "WebService\WebService.csproj", "{D9BE6A24-90B4-456E-BC88-9466B0E9D7A7}"
EndProject
Project("{FAE04EC0-301F-11D3-BF4B-00C04F79EFBC}") = "Common", "Common\Common.csproj", "{93D181C4-6ADF-4B33-9278-747E912DBD17}"
EndProject
Project("{2150E333-8FDC-42A3-9474-1A3956D46DE8}") = ".nuget", ".nuget", "{0441F046-2F8A-4DF6-9BC6-54D3EF6A063E}"
	ProjectSection(SolutionItems) = preProject
		.nuget\NuGet.Config = .nuget\NuGet.Config
		.nuget\NuGet.exe = .nuget\NuGet.exe
		.nuget\NuGet.targets = .nuget\NuGet.targets
	EndProjectSection
EndProject
Project("{E24C65DC-7377-472B-9ABA-BC803B73C61A}") = "WebApp", "http://localhost:34637", "{7ED223DC-99C5-43FD-8A8B-D878F863D588}"
	ProjectSection(WebsiteProperties) = preProject
		SccProjectName = "SAK"
		SccAuxPath = "SAK"
		SccLocalPath = "SAK"
		SccProvider = "SAK"
		UseIISExpress = "true"
		TargetFrameworkMoniker = ".NETFramework,Version%3Dv4.0"
		Debug.AspNetCompiler.VirtualPath = "/localhost_34637"
		Debug.AspNetCompiler.PhysicalPath = "WebApp\"
		Debug.AspNetCompiler.TargetPath = "PrecompiledWeb\localhost_34637\"
		Debug.AspNetCompiler.Updateable = "true"
		Debug.AspNetCompiler.ForceOverwrite = "true"
		Debug.AspNetCompiler.FixedNames = "false"
		Debug.AspNetCompiler.Debug = "True"
		Release.AspNetCompiler.VirtualPath = "/localhost_34637"
		Release.AspNetCompiler.PhysicalPath = "WebApp\"
		Release.AspNetCompiler.TargetPath = "PrecompiledWeb\localhost_34637\"
		Release.AspNetCompiler.Updateable = "true"
		Release.AspNetCompiler.ForceOverwrite = "true"
		Release.AspNetCompiler.FixedNames = "false"
		Release.AspNetCompiler.Debug = "False"
		SlnRelativePath = "WebApp\"
	EndProjectSection
EndProject
Global
	GlobalSection(TeamFoundationVersionControl) = preSolution
		SccNumberOfProjects = 4
		SccEnterpriseProvider = {4CA58AB2-18FA-4F8D-95D4-32DDF27D184C}
		SccTeamFoundationServer = https://vrigar.visualstudio.com/defaultcollection
		SccLocalPath0 = .
		SccProjectUniqueName1 = Common\\Common.csproj
		SccProjectName1 = Common
		SccLocalPath1 = Common
		SccWebProject2 = true
		SccProjectUniqueName2 = http://localhost:34637
		SccProjectName2 = WebApp
		SccLocalPath2 = WebApp
		SccProjectEnlistmentChoice2 = 2
		SccProjectUniqueName3 = WebService\\WebService.csproj
		SccProjectName3 = WebService
		SccLocalPath3 = WebService
	EndGlobalSection
	GlobalSection(SolutionConfigurationPlatforms) = preSolution
		Debug|Any CPU = Debug|Any CPU
		Release|Any CPU = Release|Any CPU
	EndGlobalSection
	GlobalSection(ProjectConfigurationPlatforms) = postSolution
		{D9BE6A24-90B4-456E-BC88-9466B0E9D7A7}.Debug|Any CPU.ActiveCfg = Debug|Any CPU
		{D9BE6A24-90B4-456E-BC88-9466B0E9D7A7}.Debug|Any CPU.Build.0 = Debug|Any CPU
		{D9BE6A24-90B4-456E-BC88-9466B0E9D7A7}.Release|Any CPU.ActiveCfg = Release|Any CPU
		{D9BE6A24-90B4-456E-BC88-9466B0E9D7A7}.Release|Any CPU.Build.0 = Release|Any CPU
		{93D181C4-6ADF-4B33-9278-747E912DBD17}.Debug|Any CPU.ActiveCfg = Debug|Any CPU
		{93D181C4-6ADF-4B33-9278-747E912DBD17}.Debug|Any CPU.Build.0 = Debug|Any CPU
		{93D181C4-6ADF-4B33-9278-747E912DBD17}.Release|Any CPU.ActiveCfg = Release|Any CPU
		{93D181C4-6ADF-4B33-9278-747E912DBD17}.Release|Any CPU.Build.0 = Release|Any CPU
		{7ED223DC-99C5-43FD-8A8B-D878F863D588}.Debug|Any CPU.ActiveCfg = Debug|Any CPU
		{7ED223DC-99C5-43FD-8A8B-D878F863D588}.Debug|Any CPU.Build.0 = Debug|Any CPU
		{7ED223DC-99C5-43FD-8A8B-D878F863D588}.Release|Any CPU.ActiveCfg = Debug|Any CPU
		{7ED223DC-99C5-43FD-8A8B-D878F863D588}.Release|Any CPU.Build.0 = Debug|Any CPU
	EndGlobalSection
	GlobalSection(SolutionProperties) = preSolution
		HideSolutionNode = FALSE
	EndGlobalSection
EndGlobal
